
Microsoft Visual Studio Solution File, Format Version 12.00
# Visual Studio Version 17
VisualStudioVersion = 17.5.33530.505
MinimumVisualStudioVersion = 10.0.40219.1
Project("{9A19103F-16F7-4668-BE54-9A1E7A4F7556}") = "WhatToEat.App", "WhatToEat.App\WhatToEat.App.csproj", "{2D438E0F-3C62-4697-BA7A-6108D90E1B47}"
EndProject
Global
	GlobalSection(SolutionConfigurationPlatforms) = preSolution
		Debug|Any CPU = Debug|Any CPU
		Release|Any CPU = Release|Any CPU
	EndGlobalSection
	GlobalSection(ProjectConfigurationPlatforms) = postSolution
		{2D438E0F-3C62-4697-BA7A-6108D90E1B47}.Debug|Any CPU.ActiveCfg = Debug|Any CPU
		{2D438E0F-3C62-4697-BA7A-6108D90E1B47}.Debug|Any CPU.Build.0 = Debug|Any CPU
		{2D438E0F-3C62-4697-BA7A-6108D90E1B47}.Release|Any CPU.ActiveCfg = Release|Any CPU
		{2D438E0F-3C62-4697-BA7A-6108D90E1B47}.Release|Any CPU.Build.0 = Release|Any CPU
	EndGlobalSection
	GlobalSection(SolutionProperties) = preSolution
		HideSolutionNode = FALSE
	EndGlobalSection
	GlobalSection(ExtensibilityGlobals) = postSolution
		SolutionGuid = {43C738DE-0725-4C0C-9ACE-F46B04D04B6D}
	EndGlobalSection
EndGlobal
